
Microsoft Visual Studio Solution File, Format Version 12.00
# Visual Studio 15
Project("{FAE04EC0-301F-11D3-BF4B-00C04F79EFBC}") = "Assembly-CSharp", "Assembly-CSharp.csproj", "{F7CD2950-BE40-DD59-048C-801BCA5E81F4}"
EndProject
Project("{FAE04EC0-301F-11D3-BF4B-00C04F79EFBC}") = "VRM", "VRM.csproj", "{892EC4D0-FE94-0B25-4935-0BE4AE86491D}"
EndProject
Project("{FAE04EC0-301F-11D3-BF4B-00C04F79EFBC}") = "UniJSON", "UniJSON.csproj", "{32F838C0-C77F-AAD0-30F7-B979A89F7D44}"
EndProject
Project("{FAE04EC0-301F-11D3-BF4B-00C04F79EFBC}") = "DepthFirstScheduler", "DepthFirstScheduler.csproj", "{BC785117-3E3F-83C7-4841-651ECA6BD59C}"
EndProject
Project("{FAE04EC0-301F-11D3-BF4B-00C04F79EFBC}") = "MToon", "MToon.csproj", "{E99510E5-1B85-10E4-FA9E-45FC1A61E54B}"
EndProject
Project("{FAE04EC0-301F-11D3-BF4B-00C04F79EFBC}") = "MeshUtility", "MeshUtility.csproj", "{8FBC8C3E-6FE3-FE00-FC76-4442146637C7}"
EndProject
Project("{FAE04EC0-301F-11D3-BF4B-00C04F79EFBC}") = "UniHumanoid", "UniHumanoid.csproj", "{2B47DC3B-68D8-6BD6-30B3-2CA3431E7E34}"
EndProject
Project("{FAE04EC0-301F-11D3-BF4B-00C04F79EFBC}") = "ShaderProperty.Runtime", "ShaderProperty.Runtime.csproj", "{17B1E29B-0925-5619-66E2-E0947EE26FDA}"
EndProject
Project("{FAE04EC0-301F-11D3-BF4B-00C04F79EFBC}") = "UniUnlit", "UniUnlit.csproj", "{0150EA18-0B03-FF07-BC1B-5C789F530E22}"
EndProject
Project("{FAE04EC0-301F-11D3-BF4B-00C04F79EFBC}") = "UniJSON.Editor.Tests", "UniJSON.Editor.Tests.csproj", "{8DE8EDCF-C708-FD8F-A13E-3F9E14A87756}"
EndProject
Project("{FAE04EC0-301F-11D3-BF4B-00C04F79EFBC}") = "UniVRM.Editor", "UniVRM.Editor.csproj", "{CD3A69CD-C1E4-5FB9-7EDF-4FBD48D64DA6}"
EndProject
Project("{FAE04EC0-301F-11D3-BF4B-00C04F79EFBC}") = "MeshUtility.Editor", "MeshUtility.Editor.csproj", "{C8C890E2-49BF-2F58-6E4C-65221F286234}"
EndProject
Project("{FAE04EC0-301F-11D3-BF4B-00C04F79EFBC}") = "UniHumanoid.Editor", "UniHumanoid.Editor.csproj", "{A20521B2-1248-53B8-92CC-45ADC90B7862}"
EndProject
Project("{FAE04EC0-301F-11D3-BF4B-00C04F79EFBC}") = "UniGLTF.Editor.Tests", "UniGLTF.Editor.Tests.csproj", "{555E953B-4FA6-F9A3-E96A-180C64423911}"
EndProject
Project("{FAE04EC0-301F-11D3-BF4B-00C04F79EFBC}") = "UniGLTF.Editor", "UniGLTF.Editor.csproj", "{422F49DB-818C-3F96-FBE6-44C0918D50ED}"
EndProject
Project("{FAE04EC0-301F-11D3-BF4B-00C04F79EFBC}") = "UniVRM.Editor.Tests", "UniVRM.Editor.Tests.csproj", "{EDCA25BC-A379-4709-D904-6CA403499964}"
EndProject
Project("{FAE04EC0-301F-11D3-BF4B-00C04F79EFBC}") = "UniUnlit.Editor", "UniUnlit.Editor.csproj", "{B71D7094-06B6-B9A5-A0BD-162728710CD9}"
EndProject
Project("{FAE04EC0-301F-11D3-BF4B-00C04F79EFBC}") = "ShaderProperty.Editor", "ShaderProperty.Editor.csproj", "{70FC53A5-A293-5260-B804-3A9AC802D738}"
EndProject
Project("{FAE04EC0-301F-11D3-BF4B-00C04F79EFBC}") = "MToon.Editor", "MToon.Editor.csproj", "{F5D56CC7-B738-58DF-87A5-723CF46BB4F8}"
EndProject
Project("{FAE04EC0-301F-11D3-BF4B-00C04F79EFBC}") = "DepthFirstScheduler.Editor.Tests", "DepthFirstScheduler.Editor.Tests.csproj", "{09FD8193-321B-A29D-100C-69293DA01604}"
EndProject
Project("{FAE04EC0-301F-11D3-BF4B-00C04F79EFBC}") = "UniHumanoid.Editor.Tests", "UniHumanoid.Editor.Tests.csproj", "{69C4FF36-B2CB-FCEB-0D3D-9E16BACCFBFD}"
EndProject
Project("{FAE04EC0-301F-11D3-BF4B-00C04F79EFBC}") = "Assembly-CSharp-Editor", "Assembly-CSharp-Editor.csproj", "{D5302511-8804-74D9-ECCA-B76EBDFB0EB2}"
EndProject
Global
	GlobalSection(SolutionConfigurationPlatforms) = preSolution
		Debug|Any CPU = Debug|Any CPU
		Release|Any CPU = Release|Any CPU
	EndGlobalSection
	GlobalSection(ProjectConfigurationPlatforms) = postSolution
		{F7CD2950-BE40-DD59-048C-801BCA5E81F4}.Debug|Any CPU.ActiveCfg = Debug|Any CPU
		{F7CD2950-BE40-DD59-048C-801BCA5E81F4}.Debug|Any CPU.Build.0 = Debug|Any CPU
		{F7CD2950-BE40-DD59-048C-801BCA5E81F4}.Release|Any CPU.ActiveCfg = Release|Any CPU
		{F7CD2950-BE40-DD59-048C-801BCA5E81F4}.Release|Any CPU.Build.0 = Release|Any CPU
		{892EC4D0-FE94-0B25-4935-0BE4AE86491D}.Debug|Any CPU.ActiveCfg = Debug|Any CPU
		{892EC4D0-FE94-0B25-4935-0BE4AE86491D}.Debug|Any CPU.Build.0 = Debug|Any CPU
		{892EC4D0-FE94-0B25-4935-0BE4AE86491D}.Release|Any CPU.ActiveCfg = Release|Any CPU
		{892EC4D0-FE94-0B25-4935-0BE4AE86491D}.Release|Any CPU.Build.0 = Release|Any CPU
		{32F838C0-C77F-AAD0-30F7-B979A89F7D44}.Debug|Any CPU.ActiveCfg = Debug|Any CPU
		{32F838C0-C77F-AAD0-30F7-B979A89F7D44}.Debug|Any CPU.Build.0 = Debug|Any CPU
		{32F838C0-C77F-AAD0-30F7-B979A89F7D44}.Release|Any CPU.ActiveCfg = Release|Any CPU
		{32F838C0-C77F-AAD0-30F7-B979A89F7D44}.Release|Any CPU.Build.0 = Release|Any CPU
		{BC785117-3E3F-83C7-4841-651ECA6BD59C}.Debug|Any CPU.ActiveCfg = Debug|Any CPU
		{BC785117-3E3F-83C7-4841-651ECA6BD59C}.Debug|Any CPU.Build.0 = Debug|Any CPU
		{BC785117-3E3F-83C7-4841-651ECA6BD59C}.Release|Any CPU.ActiveCfg = Release|Any CPU
		{BC785117-3E3F-83C7-4841-651ECA6BD59C}.Release|Any CPU.Build.0 = Release|Any CPU
		{E99510E5-1B85-10E4-FA9E-45FC1A61E54B}.Debug|Any CPU.ActiveCfg = Debug|Any CPU
		{E99510E5-1B85-10E4-FA9E-45FC1A61E54B}.Debug|Any CPU.Build.0 = Debug|Any CPU
		{E99510E5-1B85-10E4-FA9E-45FC1A61E54B}.Release|Any CPU.ActiveCfg = Release|Any CPU
		{E99510E5-1B85-10E4-FA9E-45FC1A61E54B}.Release|Any CPU.Build.0 = Release|Any CPU
		{8FBC8C3E-6FE3-FE00-FC76-4442146637C7}.Debug|Any CPU.ActiveCfg = Debug|Any CPU
		{8FBC8C3E-6FE3-FE00-FC76-4442146637C7}.Debug|Any CPU.Build.0 = Debug|Any CPU
		{8FBC8C3E-6FE3-FE00-FC76-4442146637C7}.Release|Any CPU.ActiveCfg = Release|Any CPU
		{8FBC8C3E-6FE3-FE00-FC76-4442146637C7}.Release|Any CPU.Build.0 = Release|Any CPU
		{2B47DC3B-68D8-6BD6-30B3-2CA3431E7E34}.Debug|Any CPU.ActiveCfg = Debug|Any CPU
		{2B47DC3B-68D8-6BD6-30B3-2CA3431E7E34}.Debug|Any CPU.Build.0 = Debug|Any CPU
		{2B47DC3B-68D8-6BD6-30B3-2CA3431E7E34}.Release|Any CPU.ActiveCfg = Release|Any CPU
		{2B47DC3B-68D8-6BD6-30B3-2CA3431E7E34}.Release|Any CPU.Build.0 = Release|Any CPU
		{17B1E29B-0925-5619-66E2-E0947EE26FDA}.Debug|Any CPU.ActiveCfg = Debug|Any CPU
		{17B1E29B-0925-5619-66E2-E0947EE26FDA}.Debug|Any CPU.Build.0 = Debug|Any CPU
		{17B1E29B-0925-5619-66E2-E0947EE26FDA}.Release|Any CPU.ActiveCfg = Release|Any CPU
		{17B1E29B-0925-5619-66E2-E0947EE26FDA}.Release|Any CPU.Build.0 = Release|Any CPU
		{0150EA18-0B03-FF07-BC1B-5C789F530E22}.Debug|Any CPU.ActiveCfg = Debug|Any CPU
		{0150EA18-0B03-FF07-BC1B-5C789F530E22}.Debug|Any CPU.Build.0 = Debug|Any CPU
		{0150EA18-0B03-FF07-BC1B-5C789F530E22}.Release|Any CPU.ActiveCfg = Release|Any CPU
		{0150EA18-0B03-FF07-BC1B-5C789F530E22}.Release|Any CPU.Build.0 = Release|Any CPU
		{8DE8EDCF-C708-FD8F-A13E-3F9E14A87756}.Debug|Any CPU.ActiveCfg = Debug|Any CPU
		{8DE8EDCF-C708-FD8F-A13E-3F9E14A87756}.Debug|Any CPU.Build.0 = Debug|Any CPU
		{8DE8EDCF-C708-FD8F-A13E-3F9E14A87756}.Release|Any CPU.ActiveCfg = Release|Any CPU
		{8DE8EDCF-C708-FD8F-A13E-3F9E14A87756}.Release|Any CPU.Build.0 = Release|Any CPU
		{CD3A69CD-C1E4-5FB9-7EDF-4FBD48D64DA6}.Debug|Any CPU.ActiveCfg = Debug|Any CPU
		{CD3A69CD-C1E4-5FB9-7EDF-4FBD48D64DA6}.Debug|Any CPU.Build.0 = Debug|Any CPU
		{CD3A69CD-C1E4-5FB9-7EDF-4FBD48D64DA6}.Release|Any CPU.ActiveCfg = Release|Any CPU
		{CD3A69CD-C1E4-5FB9-7EDF-4FBD48D64DA6}.Release|Any CPU.Build.0 = Release|Any CPU
		{C8C890E2-49BF-2F58-6E4C-65221F286234}.Debug|Any CPU.ActiveCfg = Debug|Any CPU
		{C8C890E2-49BF-2F58-6E4C-65221F286234}.Debug|Any CPU.Build.0 = Debug|Any CPU
		{C8C890E2-49BF-2F58-6E4C-65221F286234}.Release|Any CPU.ActiveCfg = Release|Any CPU
		{C8C890E2-49BF-2F58-6E4C-65221F286234}.Release|Any CPU.Build.0 = Release|Any CPU
		{A20521B2-1248-53B8-92CC-45ADC90B7862}.Debug|Any CPU.ActiveCfg = Debug|Any CPU
		{A20521B2-1248-53B8-92CC-45ADC90B7862}.Debug|Any CPU.Build.0 = Debug|Any CPU
		{A20521B2-1248-53B8-92CC-45ADC90B7862}.Release|Any CPU.ActiveCfg = Release|Any CPU
		{A20521B2-1248-53B8-92CC-45ADC90B7862}.Release|Any CPU.Build.0 = Release|Any CPU
		{555E953B-4FA6-F9A3-E96A-180C64423911}.Debug|Any CPU.ActiveCfg = Debug|Any CPU
		{555E953B-4FA6-F9A3-E96A-180C64423911}.Debug|Any CPU.Build.0 = Debug|Any CPU
		{555E953B-4FA6-F9A3-E96A-180C64423911}.Release|Any CPU.ActiveCfg = Release|Any CPU
		{555E953B-4FA6-F9A3-E96A-180C64423911}.Release|Any CPU.Build.0 = Release|Any CPU
		{422F49DB-818C-3F96-FBE6-44C0918D50ED}.Debug|Any CPU.ActiveCfg = Debug|Any CPU
		{422F49DB-818C-3F96-FBE6-44C0918D50ED}.Debug|Any CPU.Build.0 = Debug|Any CPU
		{422F49DB-818C-3F96-FBE6-44C0918D50ED}.Release|Any CPU.ActiveCfg = Release|Any CPU
		{422F49DB-818C-3F96-FBE6-44C0918D50ED}.Release|Any CPU.Build.0 = Release|Any CPU
		{EDCA25BC-A379-4709-D904-6CA403499964}.Debug|Any CPU.ActiveCfg = Debug|Any CPU
		{EDCA25BC-A379-4709-D904-6CA403499964}.Debug|Any CPU.Build.0 = Debug|Any CPU
		{EDCA25BC-A379-4709-D904-6CA403499964}.Release|Any CPU.ActiveCfg = Release|Any CPU
		{EDCA25BC-A379-4709-D904-6CA403499964}.Release|Any CPU.Build.0 = Release|Any CPU
		{B71D7094-06B6-B9A5-A0BD-162728710CD9}.Debug|Any CPU.ActiveCfg = Debug|Any CPU
		{B71D7094-06B6-B9A5-A0BD-162728710CD9}.Debug|Any CPU.Build.0 = Debug|Any CPU
		{B71D7094-06B6-B9A5-A0BD-162728710CD9}.Release|Any CPU.ActiveCfg = Release|Any CPU
		{B71D7094-06B6-B9A5-A0BD-162728710CD9}.Release|Any CPU.Build.0 = Release|Any CPU
		{70FC53A5-A293-5260-B804-3A9AC802D738}.Debug|Any CPU.ActiveCfg = Debug|Any CPU
		{70FC53A5-A293-5260-B804-3A9AC802D738}.Debug|Any CPU.Build.0 = Debug|Any CPU
		{70FC53A5-A293-5260-B804-3A9AC802D738}.Release|Any CPU.ActiveCfg = Release|Any CPU
		{70FC53A5-A293-5260-B804-3A9AC802D738}.Release|Any CPU.Build.0 = Release|Any CPU
		{F5D56CC7-B738-58DF-87A5-723CF46BB4F8}.Debug|Any CPU.ActiveCfg = Debug|Any CPU
		{F5D56CC7-B738-58DF-87A5-723CF46BB4F8}.Debug|Any CPU.Build.0 = Debug|Any CPU
		{F5D56CC7-B738-58DF-87A5-723CF46BB4F8}.Release|Any CPU.ActiveCfg = Release|Any CPU
		{F5D56CC7-B738-58DF-87A5-723CF46BB4F8}.Release|Any CPU.Build.0 = Release|Any CPU
		{09FD8193-321B-A29D-100C-69293DA01604}.Debug|Any CPU.ActiveCfg = Debug|Any CPU
		{09FD8193-321B-A29D-100C-69293DA01604}.Debug|Any CPU.Build.0 = Debug|Any CPU
		{09FD8193-321B-A29D-100C-69293DA01604}.Release|Any CPU.ActiveCfg = Release|Any CPU
		{09FD8193-321B-A29D-100C-69293DA01604}.Release|Any CPU.Build.0 = Release|Any CPU
		{69C4FF36-B2CB-FCEB-0D3D-9E16BACCFBFD}.Debug|Any CPU.ActiveCfg = Debug|Any CPU
		{69C4FF36-B2CB-FCEB-0D3D-9E16BACCFBFD}.Debug|Any CPU.Build.0 = Debug|Any CPU
		{69C4FF36-B2CB-FCEB-0D3D-9E16BACCFBFD}.Release|Any CPU.ActiveCfg = Release|Any CPU
		{69C4FF36-B2CB-FCEB-0D3D-9E16BACCFBFD}.Release|Any CPU.Build.0 = Release|Any CPU
		{D5302511-8804-74D9-ECCA-B76EBDFB0EB2}.Debug|Any CPU.ActiveCfg = Debug|Any CPU
		{D5302511-8804-74D9-ECCA-B76EBDFB0EB2}.Debug|Any CPU.Build.0 = Debug|Any CPU
		{D5302511-8804-74D9-ECCA-B76EBDFB0EB2}.Release|Any CPU.ActiveCfg = Release|Any CPU
		{D5302511-8804-74D9-ECCA-B76EBDFB0EB2}.Release|Any CPU.Build.0 = Release|Any CPU
	EndGlobalSection
	GlobalSection(SolutionProperties) = preSolution
		HideSolutionNode = FALSE
	EndGlobalSection
EndGlobal
